
Microsoft Visual Studio Solution File, Format Version 12.00
# Visual Studio Version 17
VisualStudioVersion = 17.5.33516.290
MinimumVisualStudioVersion = 10.0.40219.1
Project("{FAE04EC0-301F-11D3-BF4B-00C04F79EFBC}") = "NXPKReader", "NXPKReader\NXPKReader.csproj", "{1EB77D85-2B40-4104-9F8E-29835A0DC913}"
EndProject
Global
	GlobalSection(SolutionConfigurationPlatforms) = preSolution
		Debug|Any CPU = Debug|Any CPU
		Release|Any CPU = Release|Any CPU
	EndGlobalSection
	GlobalSection(ProjectConfigurationPlatforms) = postSolution
		{1EB77D85-2B40-4104-9F8E-29835A0DC913}.Debug|Any CPU.ActiveCfg = Debug|Any CPU
		{1EB77D85-2B40-4104-9F8E-29835A0DC913}.Debug|Any CPU.Build.0 = Debug|Any CPU
		{1EB77D85-2B40-4104-9F8E-29835A0DC913}.Release|Any CPU.ActiveCfg = Release|Any CPU
		{1EB77D85-2B40-4104-9F8E-29835A0DC913}.Release|Any CPU.Build.0 = Release|Any CPU
	EndGlobalSection
	GlobalSection(SolutionProperties) = preSolution
		HideSolutionNode = FALSE
	EndGlobalSection
	GlobalSection(ExtensibilityGlobals) = postSolution
		SolutionGuid = {17558D23-902D-419C-B9CF-8DFFCEDFD377}
	EndGlobalSection
EndGlobal
